
Microsoft Visual Studio Solution File, Format Version 12.00
Project("{2150E333-8FDC-42A3-9474-1A3956D46DE8}") = "Src", "Src", "{C658BF6D-1AE5-48F4-B861-A03EA01925A4}"
EndProject
Project("{2150E333-8FDC-42A3-9474-1A3956D46DE8}") = "Common", "Common", "{DE8EC1AB-375A-4BD4-B7A1-6275910E45D5}"
EndProject
Project("{2150E333-8FDC-42A3-9474-1A3956D46DE8}") = "Core", "Core", "{4F72D2EE-83E3-46DD-A28E-E98323C9C89A}"
EndProject
Project("{2150E333-8FDC-42A3-9474-1A3956D46DE8}") = "Infrastructure", "Infrastructure", "{BD617987-B18B-4724-B7E1-17B43B7B69EC}"
EndProject
Project("{2150E333-8FDC-42A3-9474-1A3956D46DE8}") = "Presentation", "Presentation", "{67335698-795C-4EF2-889B-2B30189B74BF}"
EndProject
Project("{FAE04EC0-301F-11D3-BF4B-00C04F79EFBC}") = "inmind-DDD.Common", "inmind-DDD.Common\inmind-DDD.Common.csproj", "{D9A0F66C-D01F-4EB7-BC0C-C4F9ECB93FFA}"
EndProject
Project("{FAE04EC0-301F-11D3-BF4B-00C04F79EFBC}") = "inmind-DDD.Infrastructure", "inmind-DDD.Infrastructure\inmind-DDD.Infrastructure.csproj", "{D45C5144-67C3-4C69-865F-C4598005B2E4}"
EndProject
Project("{FAE04EC0-301F-11D3-BF4B-00C04F79EFBC}") = "inmind-DDD.Application", "inmind-DDD.Application\inmind-DDD.Application.csproj", "{303134F4-B9C8-4EAE-AB52-8D0C56584BBA}"
EndProject
Project("{FAE04EC0-301F-11D3-BF4B-00C04F79EFBC}") = "inmind-DDD.Domain", "inmind-DDD.Domain\inmind-DDD.Domain.csproj", "{8AA07DD1-94D4-4360-A4BF-9709AE920974}"
EndProject
Project("{FAE04EC0-301F-11D3-BF4B-00C04F79EFBC}") = "inmind-DDD.Persistence", "inmind-DDD.Persistence\inmind-DDD.Persistence.csproj", "{FCF37A0F-4EFC-4253-B7DE-4C80FA59C831}"
EndProject
Project("{FAE04EC0-301F-11D3-BF4B-00C04F79EFBC}") = "inmind-DDD.API", "inmind-DDD.API\inmind-DDD.API.csproj", "{D1D1F01C-D165-4F72-8C72-7300B7EE6623}"
EndProject
Global
	GlobalSection(SolutionConfigurationPlatforms) = preSolution
		Debug|Any CPU = Debug|Any CPU
		Release|Any CPU = Release|Any CPU
	EndGlobalSection
	GlobalSection(NestedProjects) = preSolution
		{DE8EC1AB-375A-4BD4-B7A1-6275910E45D5} = {C658BF6D-1AE5-48F4-B861-A03EA01925A4}
		{4F72D2EE-83E3-46DD-A28E-E98323C9C89A} = {C658BF6D-1AE5-48F4-B861-A03EA01925A4}
		{BD617987-B18B-4724-B7E1-17B43B7B69EC} = {C658BF6D-1AE5-48F4-B861-A03EA01925A4}
		{67335698-795C-4EF2-889B-2B30189B74BF} = {C658BF6D-1AE5-48F4-B861-A03EA01925A4}
		{D9A0F66C-D01F-4EB7-BC0C-C4F9ECB93FFA} = {DE8EC1AB-375A-4BD4-B7A1-6275910E45D5}
		{D45C5144-67C3-4C69-865F-C4598005B2E4} = {BD617987-B18B-4724-B7E1-17B43B7B69EC}
		{303134F4-B9C8-4EAE-AB52-8D0C56584BBA} = {4F72D2EE-83E3-46DD-A28E-E98323C9C89A}
		{8AA07DD1-94D4-4360-A4BF-9709AE920974} = {4F72D2EE-83E3-46DD-A28E-E98323C9C89A}
		{FCF37A0F-4EFC-4253-B7DE-4C80FA59C831} = {BD617987-B18B-4724-B7E1-17B43B7B69EC}
		{D1D1F01C-D165-4F72-8C72-7300B7EE6623} = {67335698-795C-4EF2-889B-2B30189B74BF}
	EndGlobalSection
	GlobalSection(ProjectConfigurationPlatforms) = postSolution
		{D9A0F66C-D01F-4EB7-BC0C-C4F9ECB93FFA}.Debug|Any CPU.ActiveCfg = Debug|Any CPU
		{D9A0F66C-D01F-4EB7-BC0C-C4F9ECB93FFA}.Debug|Any CPU.Build.0 = Debug|Any CPU
		{D9A0F66C-D01F-4EB7-BC0C-C4F9ECB93FFA}.Release|Any CPU.ActiveCfg = Release|Any CPU
		{D9A0F66C-D01F-4EB7-BC0C-C4F9ECB93FFA}.Release|Any CPU.Build.0 = Release|Any CPU
		{D45C5144-67C3-4C69-865F-C4598005B2E4}.Debug|Any CPU.ActiveCfg = Debug|Any CPU
		{D45C5144-67C3-4C69-865F-C4598005B2E4}.Debug|Any CPU.Build.0 = Debug|Any CPU
		{D45C5144-67C3-4C69-865F-C4598005B2E4}.Release|Any CPU.ActiveCfg = Release|Any CPU
		{D45C5144-67C3-4C69-865F-C4598005B2E4}.Release|Any CPU.Build.0 = Release|Any CPU
		{303134F4-B9C8-4EAE-AB52-8D0C56584BBA}.Debug|Any CPU.ActiveCfg = Debug|Any CPU
		{303134F4-B9C8-4EAE-AB52-8D0C56584BBA}.Debug|Any CPU.Build.0 = Debug|Any CPU
		{303134F4-B9C8-4EAE-AB52-8D0C56584BBA}.Release|Any CPU.ActiveCfg = Release|Any CPU
		{303134F4-B9C8-4EAE-AB52-8D0C56584BBA}.Release|Any CPU.Build.0 = Release|Any CPU
		{8AA07DD1-94D4-4360-A4BF-9709AE920974}.Debug|Any CPU.ActiveCfg = Debug|Any CPU
		{8AA07DD1-94D4-4360-A4BF-9709AE920974}.Debug|Any CPU.Build.0 = Debug|Any CPU
		{8AA07DD1-94D4-4360-A4BF-9709AE920974}.Release|Any CPU.ActiveCfg = Release|Any CPU
		{8AA07DD1-94D4-4360-A4BF-9709AE920974}.Release|Any CPU.Build.0 = Release|Any CPU
		{FCF37A0F-4EFC-4253-B7DE-4C80FA59C831}.Debug|Any CPU.ActiveCfg = Debug|Any CPU
		{FCF37A0F-4EFC-4253-B7DE-4C80FA59C831}.Debug|Any CPU.Build.0 = Debug|Any CPU
		{FCF37A0F-4EFC-4253-B7DE-4C80FA59C831}.Release|Any CPU.ActiveCfg = Release|Any CPU
		{FCF37A0F-4EFC-4253-B7DE-4C80FA59C831}.Release|Any CPU.Build.0 = Release|Any CPU
		{D1D1F01C-D165-4F72-8C72-7300B7EE6623}.Debug|Any CPU.ActiveCfg = Debug|Any CPU
		{D1D1F01C-D165-4F72-8C72-7300B7EE6623}.Debug|Any CPU.Build.0 = Debug|Any CPU
		{D1D1F01C-D165-4F72-8C72-7300B7EE6623}.Release|Any CPU.ActiveCfg = Release|Any CPU
		{D1D1F01C-D165-4F72-8C72-7300B7EE6623}.Release|Any CPU.Build.0 = Release|Any CPU
	EndGlobalSection
EndGlobal
